<Solution>
  <Project Path="task10/task10.csproj" Id="49dd5741-b7b6-497b-8bcc-d93e0ab7449c" />
  <Project Path="task11/task11.csproj" Id="1f8c02c8-f337-43db-bd44-a36196be00ea" />
  <Project Path="task12/task12.csproj" Id="3b46b708-77d4-4cbb-9443-7bb7f56d5a44" />
  <Project Path="task13/task13.csproj" Id="95c37221-158c-4681-bab7-23b7d3b4342a" />
  <Project Path="task14/task14.csproj" Id="a1dfe3fa-7f05-48bf-b4ca-e6417cbc5284" />
  <Project Path="task15/task15.csproj" Id="80aa96fd-f115-4fae-8f17-a98ba8b3c0d6" />
  <Project Path="task16/task16.csproj" Id="cf81bed1-b82f-43e3-9dd5-6d364a677828" />
  <Project Path="task17/task17.csproj" Id="9be0ea51-bace-47dc-86de-c1a094570d1c" />
  <Project Path="task18/task18.csproj" Id="e8b63d9b-5442-4b87-9c53-8240bdb40c87" />
  <Project Path="task19/task19.csproj" Id="83ec6c70-37e5-41f5-b6c8-c0df6308bdac" />
  <Project Path="task1b/task1b.csproj" Id="4e9daa60-277b-4fe0-bbd3-a3b01f7a0a74" />
  <Project Path="task1c/task1c.csproj" Id="f6dd31b9-612c-460a-b456-163dc5fffb06" />
  <Project Path="task20/task20.csproj" Id="48cd3388-8db7-4ef8-889f-1dbfa5673a5d" />
  <Project Path="task21/task21.csproj" Id="4c22913c-3b04-4b4f-a034-52830f48b970" />
  <Project Path="task22/task22.csproj" Id="d3cd1a71-c477-4cbf-84e7-f88e5ee84bcd" />
  <Project Path="task23/task23.csproj" Id="5b8a6abc-5b7b-4197-bde2-7efc8cad4e8f" />
  <Project Path="task24/task24.csproj" Id="4abbb497-1e58-4ed8-8e88-4f9b09a262ee" />
  <Project Path="task25/task25.csproj" Id="d3da9014-aa7a-496d-af87-90d8fe9c58a9" />
  <Project Path="task26/task26.csproj" Id="925955dc-a22f-4acf-8ea3-75351798660f" />
  <Project Path="task27/task27.csproj" Id="782fdbcd-8f83-45e6-b36b-9d308ea6beed" />
  <Project Path="task28/task28.csproj" Id="3284e059-5f54-47e2-9ec3-74a8d4e5850a" />
  <Project Path="task2a/task2a.csproj" Id="28bd1375-4fe0-4420-89e7-9c7085af8562" />
  <Project Path="task2b/task2b.csproj" Id="e419d49f-9d09-4820-9a71-6b5392eb96bc" />
  <Project Path="task2c/task2c.csproj" Id="1aefc892-213d-4fb7-9643-6bf43a762c12" />
  <Project Path="task2d/task2d.csproj" Id="644095e5-3422-45b9-bed3-c4b3e1e04723" />
  <Project Path="task2e/task2e.csproj" Id="a34836ed-5c31-4e96-b00f-89d9a9017703" />
  <Project Path="task2f/task2f.csproj" Id="103665e1-498b-4252-a206-9454ae4a47fd" />
  <Project Path="task3/task1a.csproj" />
  <Project Path="task3a/task3a.csproj" Id="a3a787f2-8aaa-4a02-852a-ae2c2fe466b5" />
  <Project Path="task3b/task3b.csproj" Id="92459f06-9102-4b69-a546-064d09186cc1" />
  <Project Path="task3c/task3c.csproj" Id="6fa65279-5618-4b28-ba22-e826c2fe56dc" />
  <Project Path="task3d/task3d.csproj" Id="360087fa-e3d2-460d-a586-5ece0bcb1056" />
  <Project Path="task3e/task3e.csproj" Id="0afc144e-18c1-4bbc-bacc-7b51608d491a" />
  <Project Path="task3f/task3f.csproj" Id="1741bd8a-e42a-428d-b57f-5058c54bcd0d" />
  <Project Path="task3g/task3g.csproj" Id="64047b2c-5141-42ce-8704-35a2492b6156" />
  <Project Path="task3h/task3h.csproj" Id="f82acf48-38d7-43f2-a05a-5eaa80020b98" />
  <Project Path="task4a/task4a.csproj" Id="2758553b-57ce-4dec-8c71-39140e399c55" />
  <Project Path="task4b/task4b.csproj" Id="c2ad26a2-2b72-485b-b3a1-a7375c621dbe" />
  <Project Path="task4c/task4c.csproj" Id="5b75d855-6c68-49f8-81d4-6b356b50d697" />
  <Project Path="task4d/task4d.csproj" Id="71b31668-3eda-4e86-b223-e42142cb30f0" />
  <Project Path="task4e/task4e.csproj" Id="c09bb93a-5aa6-4cab-9b01-5612cb041ef6" />
  <Project Path="task4f/task4f.csproj" Id="31b24a97-5094-4c58-ad72-0218605e4f79" />
  <Project Path="task4g/task4g.csproj" Id="eee911ef-ded1-4a78-bb0d-465965f8d2fb" />
  <Project Path="task4h/task4h.csproj" Id="c8a3e965-0a1c-488e-9d26-b52fae09aef2" />
  <Project Path="task4i/task4i.csproj" Id="7e645904-4c67-4d70-a3e0-42ef22f39c07" />
  <Project Path="task5a/task5a.csproj" Id="4a55e48c-57b1-4d6a-81cc-fed5f5175eb8" />
  <Project Path="task5b/task5b.csproj" Id="3ad193bb-b1fe-48ce-8f7d-814e8f2487d1" />
  <Project Path="task5c/task5c.csproj" Id="67af3bf4-bda0-4aae-8373-7e3ba56df62f" />
  <Project Path="task5d/task5d.csproj" Id="1b5616a5-93ca-4b09-9ceb-16aaa09615ad" />
  <Project Path="task5e/task5e.csproj" Id="535c25c4-0ecb-4f03-84fc-57a1eece9356" />
  <Project Path="task5f/task5f.csproj" Id="dfca31cc-67c6-4242-b93e-156bf4fb9b20" />
  <Project Path="task5g/task5g.csproj" Id="86098ec3-98ee-4b5f-b09e-bd6acf16541a" />
  <Project Path="task5h/task5h.csproj" Id="a32d85bb-d79d-4082-857a-d33c16dc67e2" />
  <Project Path="task5i/task5i.csproj" Id="89fa88de-57e1-44b2-8424-d85ac480b0fe" />
  <Project Path="task5j/task5j.csproj" Id="16a67a96-f2e2-4aaa-b54e-6dfa0b9f2376" />
  <Project Path="task5k/task5k.csproj" Id="3af994ac-5576-43c2-a6ef-56c5efdf8e7d" />
  <Project Path="task6a/task6a.csproj" Id="bc4dc7b6-3031-485a-b5f5-8cac5b97f03f" />
  <Project Path="task6b/task6b.csproj" Id="8162044e-79e9-44a2-a318-47ee19240892" />
  <Project Path="task6c/task6c.csproj" Id="a704a9a4-502e-4950-b5cd-d22b9b814e37" />
  <Project Path="task6d/task6d.csproj" Id="2c3d3557-8d32-4318-a5df-35ceb80deeb0" />
  <Project Path="task7/task7.csproj" Id="e5f3b762-97ba-4cb8-94eb-0e322fa1fb46" />
  <Project Path="task8/task8.csproj" Id="ed1fd657-9417-4113-9952-95d93068bb45" />
  <Project Path="task9/task9.csproj" Id="662dbdf0-339f-47a4-9abf-ed8f634c393f" />
</Solution>
