<Solution>
  <Project Path="task1/task3.csproj" Id="b9a3fae0-0f3e-4d1b-bddd-f83ae6580573" />
  <Project Path="task10/task10.csproj" Id="2aa30bc0-13ac-4ea3-afc6-08b9b9170417" />
  <Project Path="task11/task11.csproj" Id="afa07bf9-fe99-4074-a10b-a6d84f047437" />
  <Project Path="task12/task12.csproj" Id="99833563-b5c0-4503-bf56-a0540ca182d0" />
  <Project Path="task13/task13.csproj" Id="2142b2f8-db8e-49c4-8265-c6043a5808ad" />
  <Project Path="task14/task14.csproj" Id="bab28509-40d2-438f-bc27-1eed1873405f" />
  <Project Path="task15/task15.csproj" Id="d55a0e97-6991-44ef-9eeb-a5fc2d99f2d1" />
  <Project Path="task16/task16.csproj" Id="82a72f2a-be00-4b81-9143-48aaec6a1961" />
  <Project Path="task17/task17.csproj" Id="5a35a305-ac86-4645-8801-ed58088dff5b" />
  <Project Path="task18/task18.csproj" Id="84a8fe3b-05af-4c2f-9363-222adef74b8c" />
  <Project Path="task19/task19.csproj" Id="6679f131-a05c-43f9-bf70-6245554b1a40" />
  <Project Path="task2/task5.csproj" Id="cf28f6d2-e46c-452a-a689-e60aca90b3fd" />
  <Project Path="task20/task20.csproj" Id="7ef2d24f-6035-42e7-8aad-7c7cb46bfc6a" />
  <Project Path="task21/task21.csproj" Id="0149046a-eb52-437c-9e1d-002550f21f07" />
  <Project Path="task22/task22.csproj" Id="0de00eae-8a00-459a-8724-e8648544f6bf" />
  <Project Path="task23/task23.csproj" Id="cdd825af-6cf1-423a-bb04-e80a79f631e1" />
  <Project Path="task24/task24.csproj" Id="a85166c3-8656-4c54-9232-f5aad4d5429e" />
  <Project Path="task25/task25.csproj" Id="fdd14d92-e96b-46ac-b239-2a0a89c7c4ad" />
  <Project Path="task26/task26.csproj" Id="e02d78e3-95bd-4584-9cd3-1056c07cc977" />
  <Project Path="task6/task6.csproj" Id="4a56d7ef-9d8b-4bbe-8250-1434f26a946b" />
  <Project Path="task7/task7.csproj" Id="f5bc3cd8-707e-4a20-ba2d-5d3bfcce2de7" />
  <Project Path="task8/task8.csproj" Id="36f390c3-8029-4cc7-8e2f-4a09fac229da" />
  <Project Path="task9/task9.csproj" Id="a76d61e4-d9a9-4f8e-bb6d-bf826fcb4b28" />
</Solution>
